// !$*UTF8*$!
{
	archiveVersion = 1;
	classes = {
	};
	objectVersion = 77;
	objects = {

/* Begin PBXContainerItemProxy section */
		2259112B2D6F849C00B268B5 /* PBXContainerItemProxy */ = {
			isa = PBXContainerItemProxy;
			containerPortal = 225911122D6F849B00B268B5 /* Project object */;
			proxyType = 1;
			remoteGlobalIDString = 225911192D6F849B00B268B5;
			remoteInfo = Sturdle_Official_APP;
		};
		225911352D6F849C00B268B5 /* PBXContainerItemProxy */ = {
			isa = PBXContainerItemProxy;
			containerPortal = 225911122D6F849B00B268B5 /* Project object */;
			proxyType = 1;
			remoteGlobalIDString = 225911192D6F849B00B268B5;
			remoteInfo = Sturdle_Official_APP;
		};
/* End PBXContainerItemProxy section */

/* Begin PBXFileReference section */
		2259111A2D6F849B00B268B5 /* Sturdle_Official_APP.app */ = {isa = PBXFileReference; explicitFileType = wrapper.application; includeInIndex = 0; path = Sturdle_Official_APP.app; sourceTree = BUILT_PRODUCTS_DIR; };
		2259112A2D6F849C00B268B5 /* Sturdle_Official_APPTests.xctest */ = {isa = PBXFileReference; explicitFileType = wrapper.cfbundle; includeInIndex = 0; path = Sturdle_Official_APPTests.xctest; sourceTree = BUILT_PRODUCTS_DIR; };
		225911342D6F849C00B268B5 /* Sturdle_Official_APPUITests.xctest */ = {isa = PBXFileReference; explicitFileType = wrapper.cfbundle; includeInIndex = 0; path = Sturdle_Official_APPUITests.xctest; sourceTree = BUILT_PRODUCTS_DIR; };
/* End PBXFileReference section */

/* Begin PBXFileSystemSynchronizedRootGroup section */
		2259111C2D6F849B00B268B5 /* Sturdle_Official_APP */ = {
			isa = PBXFileSystemSynchronizedRootGroup;
			path = Sturdle_Official_APP;
			sourceTree = "<group>";
		};
		2259112D2D6F849C00B268B5 /* Sturdle_Official_APPTests */ = {
			isa = PBXFileSystemSynchronizedRootGroup;
			path = Sturdle_Official_APPTests;
			sourceTree = "<group>";
		};
		225911372D6F849C00B268B5 /* Sturdle_Official_APPUITests */ = {
			isa = PBXFileSystemSynchronizedRootGroup;
			path = Sturdle_Official_APPUITests;
			sourceTree = "<group>";
		};
/* End PBXFileSystemSynchronizedRootGroup section */

/* Begin PBXFrameworksBuildPhase section */
		225911172D6F849B00B268B5 /* Frameworks */ = {
			isa = PBXFrameworksBuildPhase;
			buildActionMask = 2147483647;
			files = (
			);
			runOnlyForDeploymentPostprocessing = 0;
		};
		225911272D6F849C00B268B5 /* Frameworks */ = {
			isa = PBXFrameworksBuildPhase;
			buildActionMask = 2147483647;
			files = (
			);
			runOnlyForDeploymentPostprocessing = 0;
		};
		225911312D6F849C00B268B5 /* Frameworks */ = {
			isa = PBXFrameworksBuildPhase;
			buildActionMask = 2147483647;
			files = (
			);
			runOnlyForDeploymentPostprocessing = 0;
		};
/* End PBXFrameworksBuildPhase section */

/* Begin PBXGroup section */
		225911112D6F849B00B268B5 = {
			isa = PBXGroup;
			children = (
				2259111C2D6F849B00B268B5 /* Sturdle_Official_APP */,
				2259112D2D6F849C00B268B5 /* Sturdle_Official_APPTests */,
				225911372D6F849C00B268B5 /* Sturdle_Official_APPUITests */,
				2259111B2D6F849B00B268B5 /* Products */,
			);
			sourceTree = "<group>";
		};
		2259111B2D6F849B00B268B5 /* Products */ = {
			isa = PBXGroup;
			children = (
				2259111A2D6F849B00B268B5 /* Sturdle_Official_APP.app */,
				2259112A2D6F849C00B268B5 /* Sturdle_Official_APPTests.xctest */,
				225911342D6F849C00B268B5 /* Sturdle_Official_APPUITests.xctest */,
			);
			name = Products;
			sourceTree = "<group>";
		};
/* End PBXGroup section */

/* Begin PBXNativeTarget section */
		225911192D6F849B00B268B5 /* Sturdle_Official_APP */ = {
			isa = PBXNativeTarget;
			buildConfigurationList = 2259113E2D6F849C00B268B5 /* Build configuration list for PBXNativeTarget "Sturdle_Official_APP" */;
			buildPhases = (
				225911162D6F849B00B268B5 /* Sources */,
				225911172D6F849B00B268B5 /* Frameworks */,
				225911182D6F849B00B268B5 /* Resources */,
			);
			buildRules = (
			);
			dependencies = (
			);
			fileSystemSynchronizedGroups = (
				2259111C2D6F849B00B268B5 /* Sturdle_Official_APP */,
			);
			name = Sturdle_Official_APP;
			packageProductDependencies = (
			);
			productName = Sturdle_Official_APP;
			productReference = 2259111A2D6F849B00B268B5 /* Sturdle_Official_APP.app */;
			productType = "com.apple.product-type.application";
		};
		225911292D6F849C00B268B5 /* Sturdle_Official_APPTests */ = {
			isa = PBXNativeTarget;
			buildConfigurationList = 225911412D6F849C00B268B5 /* Build configuration list for PBXNativeTarget "Sturdle_Official_APPTests" */;
			buildPhases = (
				225911262D6F849C00B268B5 /* Sources */,
				225911272D6F849C00B268B5 /* Frameworks */,
				225911282D6F849C00B268B5 /* Resources */,
			);
			buildRules = (
			);
			dependencies = (
				2259112C2D6F849C00B268B5 /* PBXTargetDependency */,
			);
			fileSystemSynchronizedGroups = (
				2259112D2D6F849C00B268B5 /* Sturdle_Official_APPTests */,
			);
			name = Sturdle_Official_APPTests;
			packageProductDependencies = (
			);
			productName = Sturdle_Official_APPTests;
			productReference = 2259112A2D6F849C00B268B5 /* Sturdle_Official_APPTests.xctest */;
			productType = "com.apple.product-type.bundle.unit-test";
		};
		225911332D6F849C00B268B5 /* Sturdle_Official_APPUITests */ = {
			isa = PBXNativeTarget;
			buildConfigurationList = 225911442D6F849C00B268B5 /* Build configuration list for PBXNativeTarget "Sturdle_Official_APPUITests" */;
			buildPhases = (
				225911302D6F849C00B268B5 /* Sources */,
				225911312D6F849C00B268B5 /* Frameworks */,
				225911322D6F849C00B268B5 /* Resources */,
			);
			buildRules = (
			);
			dependencies = (
				225911362D6F849C00B268B5 /* PBXTargetDependency */,
			);
			fileSystemSynchronizedGroups = (
				225911372D6F849C00B268B5 /* Sturdle_Official_APPUITests */,
			);
			name = Sturdle_Official_APPUITests;
			packageProductDependencies = (
			);
			productName = Sturdle_Official_APPUITests;
			productReference = 225911342D6F849C00B268B5 /* Sturdle_Official_APPUITests.xctest */;
			productType = "com.apple.product-type.bundle.ui-testing";
		};
/* End PBXNativeTarget section */

/* Begin PBXProject section */
		225911122D6F849B00B268B5 /* Project object */ = {
			isa = PBXProject;
			attributes = {
				BuildIndependentTargetsInParallel = 1;
				LastSwiftUpdateCheck = 1600;
				LastUpgradeCheck = 1600;
				TargetAttributes = {
					225911192D6F849B00B268B5 = {
						CreatedOnToolsVersion = 16.0;
					};
					225911292D6F849C00B268B5 = {
						CreatedOnToolsVersion = 16.0;
						TestTargetID = 225911192D6F849B00B268B5;
					};
					225911332D6F849C00B268B5 = {
						CreatedOnToolsVersion = 16.0;
						TestTargetID = 225911192D6F849B00B268B5;
					};
				};
			};
			buildConfigurationList = 225911152D6F849B00B268B5 /* Build configuration list for PBXProject "Sturdle_Official_APP" */;
			developmentRegion = en;
			hasScannedForEncodings = 0;
			knownRegions = (
				en,
				Base,
			);
			mainGroup = 225911112D6F849B00B268B5;
			minimizedProjectReferenceProxies = 1;
			preferredProjectObjectVersion = 77;
			productRefGroup = 2259111B2D6F849B00B268B5 /* Products */;
			projectDirPath = "";
			projectRoot = "";
			targets = (
				225911192D6F849B00B268B5 /* Sturdle_Official_APP */,
				225911292D6F849C00B268B5 /* Sturdle_Official_APPTests */,
				225911332D6F849C00B268B5 /* Sturdle_Official_APPUITests */,
			);
		};
/* End PBXProject section */

/* Begin PBXResourcesBuildPhase section */
		225911182D6F849B00B268B5 /* Resources */ = {
			isa = PBXResourcesBuildPhase;
			buildActionMask = 2147483647;
			files = (
			);
			runOnlyForDeploymentPostprocessing = 0;
		};
		225911282D6F849C00B268B5 /* Resources */ = {
			isa = PBXResourcesBuildPhase;
			buildActionMask = 2147483647;
			files = (
			);
			runOnlyForDeploymentPostprocessing = 0;
		};
		225911322D6F849C00B268B5 /* Resources */ = {
			isa = PBXResourcesBuildPhase;
			buildActionMask = 2147483647;
			files = (
			);
			runOnlyForDeploymentPostprocessing = 0;
		};
/* End PBXResourcesBuildPhase section */

/* Begin PBXSourcesBuildPhase section */
		225911162D6F849B00B268B5 /* Sources */ = {
			isa = PBXSourcesBuildPhase;
			buildActionMask = 2147483647;
			files = (
			);
			runOnlyForDeploymentPostprocessing = 0;
		};
		225911262D6F849C00B268B5 /* Sources */ = {
			isa = PBXSourcesBuildPhase;
			buildActionMask = 2147483647;
			files = (
			);
			runOnlyForDeploymentPostprocessing = 0;
		};
		225911302D6F849C00B268B5 /* Sources */ = {
			isa = PBXSourcesBuildPhase;
			buildActionMask = 2147483647;
			files = (
			);
			runOnlyForDeploymentPostprocessing = 0;
		};
/* End PBXSourcesBuildPhase section */

/* Begin PBXTargetDependency section */
		2259112C2D6F849C00B268B5 /* PBXTargetDependency */ = {
			isa = PBXTargetDependency;
			target = 225911192D6F849B00B268B5 /* Sturdle_Official_APP */;
			targetProxy = 2259112B2D6F849C00B268B5 /* PBXContainerItemProxy */;
		};
		225911362D6F849C00B268B5 /* PBXTargetDependency */ = {
			isa = PBXTargetDependency;
			target = 225911192D6F849B00B268B5 /* Sturdle_Official_APP */;
			targetProxy = 225911352D6F849C00B268B5 /* PBXContainerItemProxy */;
		};
/* End PBXTargetDependency section */

/* Begin XCBuildConfiguration section */
		2259113C2D6F849C00B268B5 /* Debug */ = {
			isa = XCBuildConfiguration;
			buildSettings = {
				ALWAYS_SEARCH_USER_PATHS = NO;
				ASSETCATALOG_COMPILER_GENERATE_SWIFT_ASSET_SYMBOL_EXTENSIONS = YES;
				CLANG_ANALYZER_NONNULL = YES;
				CLANG_ANALYZER_NUMBER_OBJECT_CONVERSION = YES_AGGRESSIVE;
				CLANG_CXX_LANGUAGE_STANDARD = "gnu++20";
				CLANG_ENABLE_MODULES = YES;
				CLANG_ENABLE_OBJC_ARC = YES;
				CLANG_ENABLE_OBJC_WEAK = YES;
				CLANG_WARN_BLOCK_CAPTURE_AUTORELEASING = YES;
				CLANG_WARN_BOOL_CONVERSION = YES;
				CLANG_WARN_COMMA = YES;
				CLANG_WARN_CONSTANT_CONVERSION = YES;
				CLANG_WARN_DEPRECATED_OBJC_IMPLEMENTATIONS = YES;
				CLANG_WARN_DIRECT_OBJC_ISA_USAGE = YES_ERROR;
				CLANG_WARN_DOCUMENTATION_COMMENTS = YES;
				CLANG_WARN_EMPTY_BODY = YES;
				CLANG_WARN_ENUM_CONVERSION = YES;
				CLANG_WARN_INFINITE_RECURSION = YES;
				CLANG_WARN_INT_CONVERSION = YES;
				CLANG_WARN_NON_LITERAL_NULL_CONVERSION = YES;
				CLANG_WARN_OBJC_IMPLICIT_RETAIN_SELF = YES;
				CLANG_WARN_OBJC_LITERAL_CONVERSION = YES;
				CLANG_WARN_OBJC_ROOT_CLASS = YES_ERROR;
				CLANG_WARN_QUOTED_INCLUDE_IN_FRAMEWORK_HEADER = YES;
				CLANG_WARN_RANGE_LOOP_ANALYSIS = YES;
				CLANG_WARN_STRICT_PROTOTYPES = YES;
				CLANG_WARN_SUSPICIOUS_MOVE = YES;
				CLANG_WARN_UNGUARDED_AVAILABILITY = YES_AGGRESSIVE;
				CLANG_WARN_UNREACHABLE_CODE = YES;
				CLANG_WARN__DUPLICATE_METHOD_MATCH = YES;
				COPY_PHASE_STRIP = NO;
				DEBUG_INFORMATION_FORMAT = dwarf;
				ENABLE_STRICT_OBJC_MSGSEND = YES;
				ENABLE_TESTABILITY = YES;
				ENABLE_USER_SCRIPT_SANDBOXING = YES;
				GCC_C_LANGUAGE_STANDARD = gnu17;
				GCC_DYNAMIC_NO_PIC = NO;
				GCC_NO_COMMON_BLOCKS = YES;
				GCC_OPTIMIZATION_LEVEL = 0;
				GCC_PREPROCESSOR_DEFINITIONS = (
					"DEBUG=1",
					"$(inherited)",
				);
				GCC_WARN_64_TO_32_BIT_CONVERSION = YES;
				GCC_WARN_ABOUT_RETURN_TYPE = YES_ERROR;
				GCC_WARN_UNDECLARED_SELECTOR = YES;
				GCC_WARN_UNINITIALIZED_AUTOS = YES_AGGRESSIVE;
				GCC_WARN_UNUSED_FUNCTION = YES;
				GCC_WARN_UNUSED_VARIABLE = YES;
				IPHONEOS_DEPLOYMENT_TARGET = 18.0;
				LOCALIZATION_PREFERS_STRING_CATALOGS = YES;
				MTL_ENABLE_DEBUG_INFO = INCLUDE_SOURCE;
				MTL_FAST_MATH = YES;
				ONLY_ACTIVE_ARCH = YES;
				SDKROOT = iphoneos;
				SWIFT_ACTIVE_COMPILATION_CONDITIONS = "DEBUG $(inherited)";
				SWIFT_OPTIMIZATION_LEVEL = "-Onone";
			};
			name = Debug;
		};
		2259113D2D6F849C00B268B5 /* Release */ = {
			isa = XCBuildConfiguration;
			buildSettings = {
				ALWAYS_SEARCH_USER_PATHS = NO;
				ASSETCATALOG_COMPILER_GENERATE_SWIFT_ASSET_SYMBOL_EXTENSIONS = YES;
				CLANG_ANALYZER_NONNULL = YES;
				CLANG_ANALYZER_NUMBER_OBJECT_CONVERSION = YES_AGGRESSIVE;
				CLANG_CXX_LANGUAGE_STANDARD = "gnu++20";
				CLANG_ENABLE_MODULES = YES;
				CLANG_ENABLE_OBJC_ARC = YES;
				CLANG_ENABLE_OBJC_WEAK = YES;
				CLANG_WARN_BLOCK_CAPTURE_AUTORELEASING = YES;
				CLANG_WARN_BOOL_CONVERSION = YES;
				CLANG_WARN_COMMA = YES;
				CLANG_WARN_CONSTANT_CONVERSION = YES;
				CLANG_WARN_DEPRECATED_OBJC_IMPLEMENTATIONS = YES;
				CLANG_WARN_DIRECT_OBJC_ISA_USAGE = YES_ERROR;
				CLANG_WARN_DOCUMENTATION_COMMENTS = YES;
				CLANG_WARN_EMPTY_BODY = YES;
				CLANG_WARN_ENUM_CONVERSION = YES;
				CLANG_WARN_INFINITE_RECURSION = YES;
				CLANG_WARN_INT_CONVERSION = YES;
				CLANG_WARN_NON_LITERAL_NULL_CONVERSION = YES;
				CLANG_WARN_OBJC_IMPLICIT_RETAIN_SELF = YES;
				CLANG_WARN_OBJC_LITERAL_CONVERSION = YES;
				CLANG_WARN_OBJC_ROOT_CLASS = YES_ERROR;
				CLANG_WARN_QUOTED_INCLUDE_IN_FRAMEWORK_HEADER = YES;
				CLANG_WARN_RANGE_LOOP_ANALYSIS = YES;
				CLANG_WARN_STRICT_PROTOTYPES = YES;
				CLANG_WARN_SUSPICIOUS_MOVE = YES;
				CLANG_WARN_UNGUARDED_AVAILABILITY = YES_AGGRESSIVE;
				CLANG_WARN_UNREACHABLE_CODE = YES;
				CLANG_WARN__DUPLICATE_METHOD_MATCH = YES;
				COPY_PHASE_STRIP = NO;
				DEBUG_INFORMATION_FORMAT = "dwarf-with-dsym";
				ENABLE_NS_ASSERTIONS = NO;
				ENABLE_STRICT_OBJC_MSGSEND = YES;
				ENABLE_USER_SCRIPT_SANDBOXING = YES;
				GCC_C_LANGUAGE_STANDARD = gnu17;
				GCC_NO_COMMON_BLOCKS = YES;
				GCC_WARN_64_TO_32_BIT_CONVERSION = YES;
				GCC_WARN_ABOUT_RETURN_TYPE = YES_ERROR;
				GCC_WARN_UNDECLARED_SELECTOR = YES;
				GCC_WARN_UNINITIALIZED_AUTOS = YES_AGGRESSIVE;
				GCC_WARN_UNUSED_FUNCTION = YES;
				GCC_WARN_UNUSED_VARIABLE = YES;
				IPHONEOS_DEPLOYMENT_TARGET = 18.0;
				LOCALIZATION_PREFERS_STRING_CATALOGS = YES;
				MTL_ENABLE_DEBUG_INFO = NO;
				MTL_FAST_MATH = YES;
				SDKROOT = iphoneos;
				SWIFT_COMPILATION_MODE = wholemodule;
				VALIDATE_PRODUCT = YES;
			};
			name = Release;
		};
		2259113F2D6F849C00B268B5 /* Debug */ = {
			isa = XCBuildConfiguration;
			buildSettings = {
				ASSETCATALOG_COMPILER_APPICON_NAME = AppIcon;
				ASSETCATALOG_COMPILER_GLOBAL_ACCENT_COLOR_NAME = AccentColor;
				CODE_SIGN_STYLE = Automatic;
				CURRENT_PROJECT_VERSION = 1;
				DEVELOPMENT_ASSET_PATHS = "\"Sturdle_Official_APP/Preview Content\"";
				DEVELOPMENT_TEAM = VXNP628HQ5;
				ENABLE_PREVIEWS = YES;
				GENERATE_INFOPLIST_FILE = YES;
				INFOPLIST_KEY_CFBundleDisplayName = Sturdle;
				INFOPLIST_KEY_UIApplicationSceneManifest_Generation = YES;
				INFOPLIST_KEY_UIApplicationSupportsIndirectInputEvents = YES;
				INFOPLIST_KEY_UILaunchScreen_Generation = YES;
				INFOPLIST_KEY_UISupportedInterfaceOrientations_iPad = "UIInterfaceOrientationPortrait UIInterfaceOrientationPortraitUpsideDown UIInterfaceOrientationLandscapeLeft UIInterfaceOrientationLandscapeRight";
				INFOPLIST_KEY_UISupportedInterfaceOrientations_iPhone = "UIInterfaceOrientationPortrait UIInterfaceOrientationLandscapeLeft UIInterfaceOrientationLandscapeRight";
				LD_RUNPATH_SEARCH_PATHS = (
					"$(inherited)",
					"@executable_path/Frameworks",
				);
				MARKETING_VERSION = 1.0;
				PRODUCT_BUNDLE_IDENTIFIER = "defaultio.Sturdle-Official-APP";
				PRODUCT_NAME = "$(TARGET_NAME)";
				SWIFT_EMIT_LOC_STRINGS = YES;
				SWIFT_VERSION = 5.0;
				TARGETED_DEVICE_FAMILY = "1,2";
			};
			name = Debug;
		};
		225911402D6F849C00B268B5 /* Release */ = {
			isa = XCBuildConfiguration;
			buildSettings = {
				ASSETCATALOG_COMPILER_APPICON_NAME = AppIcon;
				ASSETCATALOG_COMPILER_GLOBAL_ACCENT_COLOR_NAME = AccentColor;
				CODE_SIGN_STYLE = Automatic;
				CURRENT_PROJECT_VERSION = 1;
				DEVELOPMENT_ASSET_PATHS = "\"Sturdle_Official_APP/Preview Content\"";
				DEVELOPMENT_TEAM = VXNP628HQ5;
				ENABLE_PREVIEWS = YES;
				GENERATE_INFOPLIST_FILE = YES;
				INFOPLIST_KEY_CFBundleDisplayName = Sturdle;
				INFOPLIST_KEY_UIApplicationSceneManifest_Generation = YES;
				INFOPLIST_KEY_UIApplicationSupportsIndirectInputEvents = YES;
				INFOPLIST_KEY_UILaunchScreen_Generation = YES;
				INFOPLIST_KEY_UISupportedInterfaceOrientations_iPad = "UIInterfaceOrientationPortrait UIInterfaceOrientationPortraitUpsideDown UIInterfaceOrientationLandscapeLeft UIInterfaceOrientationLandscapeRight";
				INFOPLIST_KEY_UISupportedInterfaceOrientations_iPhone = "UIInterfaceOrientationPortrait UIInterfaceOrientationLandscapeLeft UIInterfaceOrientationLandscapeRight";
				LD_RUNPATH_SEARCH_PATHS = (
					"$(inherited)",
					"@executable_path/Frameworks",
				);
				MARKETING_VERSION = 1.0;
				PRODUCT_BUNDLE_IDENTIFIER = "defaultio.Sturdle-Official-APP";
				PRODUCT_NAME = "$(TARGET_NAME)";
				SWIFT_EMIT_LOC_STRINGS = YES;
				SWIFT_VERSION = 5.0;
				TARGETED_DEVICE_FAMILY = "1,2";
			};
			name = Release;
		};
		225911422D6F849C00B268B5 /* Debug */ = {
			isa = XCBuildConfiguration;
			buildSettings = {
				BUNDLE_LOADER = "$(TEST_HOST)";
				CODE_SIGN_STYLE = Automatic;
				CURRENT_PROJECT_VERSION = 1;
				GENERATE_INFOPLIST_FILE = YES;
				IPHONEOS_DEPLOYMENT_TARGET = 18.0;
				MARKETING_VERSION = 1.0;
				PRODUCT_BUNDLE_IDENTIFIER = "defaultio.Sturdle-Official-APPTests";
				PRODUCT_NAME = "$(TARGET_NAME)";
				SWIFT_EMIT_LOC_STRINGS = NO;
				SWIFT_VERSION = 5.0;
				TARGETED_DEVICE_FAMILY = "1,2";
				TEST_HOST = "$(BUILT_PRODUCTS_DIR)/Sturdle_Official_APP.app/$(BUNDLE_EXECUTABLE_FOLDER_PATH)/Sturdle_Official_APP";
			};
			name = Debug;
		};
		225911432D6F849C00B268B5 /* Release */ = {
			isa = XCBuildConfiguration;
			buildSettings = {
				BUNDLE_LOADER = "$(TEST_HOST)";
				CODE_SIGN_STYLE = Automatic;
				CURRENT_PROJECT_VERSION = 1;
				GENERATE_INFOPLIST_FILE = YES;
				IPHONEOS_DEPLOYMENT_TARGET = 18.0;
				MARKETING_VERSION = 1.0;
				PRODUCT_BUNDLE_IDENTIFIER = "defaultio.Sturdle-Official-APPTests";
				PRODUCT_NAME = "$(TARGET_NAME)";
				SWIFT_EMIT_LOC_STRINGS = NO;
				SWIFT_VERSION = 5.0;
				TARGETED_DEVICE_FAMILY = "1,2";
				TEST_HOST = "$(BUILT_PRODUCTS_DIR)/Sturdle_Official_APP.app/$(BUNDLE_EXECUTABLE_FOLDER_PATH)/Sturdle_Official_APP";
			};
			name = Release;
		};
		225911452D6F849C00B268B5 /* Debug */ = {
			isa = XCBuildConfiguration;
			buildSettings = {
				CODE_SIGN_STYLE = Automatic;
				CURRENT_PROJECT_VERSION = 1;
				GENERATE_INFOPLIST_FILE = YES;
				MARKETING_VERSION = 1.0;
				PRODUCT_BUNDLE_IDENTIFIER = "defaultio.Sturdle-Official-APPUITests";
				PRODUCT_NAME = "$(TARGET_NAME)";
				SWIFT_EMIT_LOC_STRINGS = NO;
				SWIFT_VERSION = 5.0;
				TARGETED_DEVICE_FAMILY = "1,2";
				TEST_TARGET_NAME = Sturdle_Official_APP;
			};
			name = Debug;
		};
		225911462D6F849C00B268B5 /* Release */ = {
			isa = XCBuildConfiguration;
			buildSettings = {
				CODE_SIGN_STYLE = Automatic;
				CURRENT_PROJECT_VERSION = 1;
				GENERATE_INFOPLIST_FILE = YES;
				MARKETING_VERSION = 1.0;
				PRODUCT_BUNDLE_IDENTIFIER = "defaultio.Sturdle-Official-APPUITests";
				PRODUCT_NAME = "$(TARGET_NAME)";
				SWIFT_EMIT_LOC_STRINGS = NO;
				SWIFT_VERSION = 5.0;
				TARGETED_DEVICE_FAMILY = "1,2";
				TEST_TARGET_NAME = Sturdle_Official_APP;
			};
			name = Release;
		};
/* End XCBuildConfiguration section */

/* Begin XCConfigurationList section */
		225911152D6F849B00B268B5 /* Build configuration list for PBXProject "Sturdle_Official_APP" */ = {
			isa = XCConfigurationList;
			buildConfigurations = (
				2259113C2D6F849C00B268B5 /* Debug */,
				2259113D2D6F849C00B268B5 /* Release */,
			);
			defaultConfigurationIsVisible = 0;
			defaultConfigurationName = Release;
		};
		2259113E2D6F849C00B268B5 /* Build configuration list for PBXNativeTarget "Sturdle_Official_APP" */ = {
			isa = XCConfigurationList;
			buildConfigurations = (
				2259113F2D6F849C00B268B5 /* Debug */,
				225911402D6F849C00B268B5 /* Release */,
			);
			defaultConfigurationIsVisible = 0;
			defaultConfigurationName = Release;
		};
		225911412D6F849C00B268B5 /* Build configuration list for PBXNativeTarget "Sturdle_Official_APPTests" */ = {
			isa = XCConfigurationList;
			buildConfigurations = (
				225911422D6F849C00B268B5 /* Debug */,
				225911432D6F849C00B268B5 /* Release */,
			);
			defaultConfigurationIsVisible = 0;
			defaultConfigurationName = Release;
		};
		225911442D6F849C00B268B5 /* Build configuration list for PBXNativeTarget "Sturdle_Official_APPUITests" */ = {
			isa = XCConfigurationList;
			buildConfigurations = (
				225911452D6F849C00B268B5 /* Debug */,
				225911462D6F849C00B268B5 /* Release */,
			);
			defaultConfigurationIsVisible = 0;
			defaultConfigurationName = Release;
		};
/* End XCConfigurationList section */
	};
	rootObject = 225911122D6F849B00B268B5 /* Project object */;
}
